
Microsoft Visual Studio Solution File, Format Version 12.00
# Visual Studio Version 16
VisualStudioVersion = 16.0.30907.101
MinimumVisualStudioVersion = 10.0.40219.1
Project("{2150E333-8FDC-42A3-9474-1A3956D46DE8}") = "src", "src", "{F799EB73-EBB7-450B-BB2C-27CEC8D9B391}"
EndProject
Project("{2150E333-8FDC-42A3-9474-1A3956D46DE8}") = "test", "test", "{1ADFC8DA-D71C-444A-A60D-C03CE046781B}"
EndProject
Project("{2150E333-8FDC-42A3-9474-1A3956D46DE8}") = "API", "API", "{6A320002-ECAB-466D-8245-71ACE7857EE4}"
EndProject
Project("{2150E333-8FDC-42A3-9474-1A3956D46DE8}") = "Core", "Core", "{020E0511-1140-4EDF-B66B-10AD57433335}"
EndProject
Project("{2150E333-8FDC-42A3-9474-1A3956D46DE8}") = "Infrastructure", "Infrastructure", "{96433744-1DDD-42DA-B758-0D611C68EDC3}"
EndProject
Project("{2150E333-8FDC-42A3-9474-1A3956D46DE8}") = "UI", "UI", "{7A703070-418D-478D-8784-F077F5B7EA96}"
EndProject
Project("{9A19103F-16F7-4668-BE54-9A1E7A4F7556}") = "GloboTicket.TicketManagement.Domain", "GloboTicket.TicketManagement.Domain\GloboTicket.TicketManagement.Domain.csproj", "{D3CF1C80-4426-46E4-B15B-F1C76492CC72}"
EndProject
Project("{9A19103F-16F7-4668-BE54-9A1E7A4F7556}") = "GloboTicket.TicketManagement.Application", "GloboTicket.TicketManagement.Application\GloboTicket.TicketManagement.Application.csproj", "{BFCB41A5-BF11-405B-8D14-01265C490A5B}"
EndProject
Project("{FAE04EC0-301F-11D3-BF4B-00C04F79EFBC}") = "GloboTicket.TicketManagement.Persistence", "GloboTicket.TicketManagement.Persistence\GloboTicket.TicketManagement.Persistence.csproj", "{B428AF16-8779-4764-967C-F114050A202F}"
EndProject
Project("{FAE04EC0-301F-11D3-BF4B-00C04F79EFBC}") = "GloboTicket.TicketManagement.Infrastructure", "GloboTicket.TicketManagement.Infrastructure\GloboTicket.TicketManagement.Infrastructure.csproj", "{EB5458E9-75F8-4AFD-A450-7882B20BADF1}"
EndProject
Global
	GlobalSection(SolutionConfigurationPlatforms) = preSolution
		Debug|Any CPU = Debug|Any CPU
		Release|Any CPU = Release|Any CPU
	EndGlobalSection
	GlobalSection(ProjectConfigurationPlatforms) = postSolution
		{D3CF1C80-4426-46E4-B15B-F1C76492CC72}.Debug|Any CPU.ActiveCfg = Debug|Any CPU
		{D3CF1C80-4426-46E4-B15B-F1C76492CC72}.Debug|Any CPU.Build.0 = Debug|Any CPU
		{D3CF1C80-4426-46E4-B15B-F1C76492CC72}.Release|Any CPU.ActiveCfg = Release|Any CPU
		{D3CF1C80-4426-46E4-B15B-F1C76492CC72}.Release|Any CPU.Build.0 = Release|Any CPU
		{BFCB41A5-BF11-405B-8D14-01265C490A5B}.Debug|Any CPU.ActiveCfg = Debug|Any CPU
		{BFCB41A5-BF11-405B-8D14-01265C490A5B}.Debug|Any CPU.Build.0 = Debug|Any CPU
		{BFCB41A5-BF11-405B-8D14-01265C490A5B}.Release|Any CPU.ActiveCfg = Release|Any CPU
		{BFCB41A5-BF11-405B-8D14-01265C490A5B}.Release|Any CPU.Build.0 = Release|Any CPU
		{B428AF16-8779-4764-967C-F114050A202F}.Debug|Any CPU.ActiveCfg = Debug|Any CPU
		{B428AF16-8779-4764-967C-F114050A202F}.Debug|Any CPU.Build.0 = Debug|Any CPU
		{B428AF16-8779-4764-967C-F114050A202F}.Release|Any CPU.ActiveCfg = Release|Any CPU
		{B428AF16-8779-4764-967C-F114050A202F}.Release|Any CPU.Build.0 = Release|Any CPU
		{EB5458E9-75F8-4AFD-A450-7882B20BADF1}.Debug|Any CPU.ActiveCfg = Debug|Any CPU
		{EB5458E9-75F8-4AFD-A450-7882B20BADF1}.Debug|Any CPU.Build.0 = Debug|Any CPU
		{EB5458E9-75F8-4AFD-A450-7882B20BADF1}.Release|Any CPU.ActiveCfg = Release|Any CPU
		{EB5458E9-75F8-4AFD-A450-7882B20BADF1}.Release|Any CPU.Build.0 = Release|Any CPU
	EndGlobalSection
	GlobalSection(SolutionProperties) = preSolution
		HideSolutionNode = FALSE
	EndGlobalSection
	GlobalSection(NestedProjects) = preSolution
		{6A320002-ECAB-466D-8245-71ACE7857EE4} = {F799EB73-EBB7-450B-BB2C-27CEC8D9B391}
		{020E0511-1140-4EDF-B66B-10AD57433335} = {F799EB73-EBB7-450B-BB2C-27CEC8D9B391}
		{96433744-1DDD-42DA-B758-0D611C68EDC3} = {F799EB73-EBB7-450B-BB2C-27CEC8D9B391}
		{7A703070-418D-478D-8784-F077F5B7EA96} = {F799EB73-EBB7-450B-BB2C-27CEC8D9B391}
		{D3CF1C80-4426-46E4-B15B-F1C76492CC72} = {020E0511-1140-4EDF-B66B-10AD57433335}
		{BFCB41A5-BF11-405B-8D14-01265C490A5B} = {020E0511-1140-4EDF-B66B-10AD57433335}
		{B428AF16-8779-4764-967C-F114050A202F} = {96433744-1DDD-42DA-B758-0D611C68EDC3}
		{EB5458E9-75F8-4AFD-A450-7882B20BADF1} = {96433744-1DDD-42DA-B758-0D611C68EDC3}
	EndGlobalSection
	GlobalSection(ExtensibilityGlobals) = postSolution
		SolutionGuid = {1494AF79-68BB-4562-A771-6559E6CD0111}
	EndGlobalSection
EndGlobal
